
Microsoft Visual Studio Solution File, Format Version 12.00
# Visual Studio 2013
VisualStudioVersion = 12.0.21005.1
MinimumVisualStudioVersion = 10.0.40219.1
Project("{FAE04EC0-301F-11D3-BF4B-00C04F79EFBC}") = "ProjectRamReo", "ProjectRamReo\ProjectRamReo.csproj", "{5743E51B-3D95-4D48-9EB1-C9D06CA01CAE}"
EndProject
Global
	GlobalSection(SolutionConfigurationPlatforms) = preSolution
		Debug|Any CPU = Debug|Any CPU
		Release|Any CPU = Release|Any CPU
	EndGlobalSection
	GlobalSection(ProjectConfigurationPlatforms) = postSolution
		{5743E51B-3D95-4D48-9EB1-C9D06CA01CAE}.Debug|Any CPU.ActiveCfg = Debug|Any CPU
		{5743E51B-3D95-4D48-9EB1-C9D06CA01CAE}.Debug|Any CPU.Build.0 = Debug|Any CPU
		{5743E51B-3D95-4D48-9EB1-C9D06CA01CAE}.Release|Any CPU.ActiveCfg = Release|Any CPU
		{5743E51B-3D95-4D48-9EB1-C9D06CA01CAE}.Release|Any CPU.Build.0 = Release|Any CPU
	EndGlobalSection
	GlobalSection(SolutionProperties) = preSolution
		HideSolutionNode = FALSE
	EndGlobalSection
EndGlobal
